
Microsoft Visual Studio Solution File, Format Version 12.00
# Visual Studio Version 16
VisualStudioVersion = 16.0.30320.27
MinimumVisualStudioVersion = 10.0.40219.1
Project("{FAE04EC0-301F-11D3-BF4B-00C04F79EFBC}") = "ProductStore", "ProductStore\ProductStore.csproj", "{89B59662-CD62-410C-A969-D661E99D5C3C}"
EndProject
Global
	GlobalSection(SolutionConfigurationPlatforms) = preSolution
		Debug|Any CPU = Debug|Any CPU
		Release|Any CPU = Release|Any CPU
	EndGlobalSection
	GlobalSection(ProjectConfigurationPlatforms) = postSolution
		{89B59662-CD62-410C-A969-D661E99D5C3C}.Debug|Any CPU.ActiveCfg = Debug|Any CPU
		{89B59662-CD62-410C-A969-D661E99D5C3C}.Debug|Any CPU.Build.0 = Debug|Any CPU
		{89B59662-CD62-410C-A969-D661E99D5C3C}.Release|Any CPU.ActiveCfg = Release|Any CPU
		{89B59662-CD62-410C-A969-D661E99D5C3C}.Release|Any CPU.Build.0 = Release|Any CPU
	EndGlobalSection
	GlobalSection(SolutionProperties) = preSolution
		HideSolutionNode = FALSE
	EndGlobalSection
	GlobalSection(ExtensibilityGlobals) = postSolution
		SolutionGuid = {5AF422C0-E191-41BB-8E7A-892E14F3824B}
	EndGlobalSection
EndGlobal
